
Microsoft Visual Studio Solution File, Format Version 12.00
# Visual Studio 15
Project("{FAE04EC0-301F-11D3-BF4B-00C04F79EFBC}") = "Assembly-CSharp", "Assembly-CSharp.csproj", "{B66C5FE8-406C-990E-0C46-3939A17547BC}"
EndProject
Project("{FAE04EC0-301F-11D3-BF4B-00C04F79EFBC}") = "Assembly-CSharp-firstpass", "Assembly-CSharp-firstpass.csproj", "{22F7854F-68C9-5CB9-A28B-405EBF755065}"
EndProject
Project("{FAE04EC0-301F-11D3-BF4B-00C04F79EFBC}") = "Assembly-CSharp-Editor-firstpass", "Assembly-CSharp-Editor-firstpass.csproj", "{029C2FC6-1695-4FD3-AE8B-D157A87124DC}"
EndProject
Global
	GlobalSection(SolutionConfigurationPlatforms) = preSolution
		Debug|Any CPU = Debug|Any CPU
		Release|Any CPU = Release|Any CPU
	EndGlobalSection
	GlobalSection(ProjectConfigurationPlatforms) = postSolution
		{B66C5FE8-406C-990E-0C46-3939A17547BC}.Debug|Any CPU.ActiveCfg = Debug|Any CPU
		{B66C5FE8-406C-990E-0C46-3939A17547BC}.Debug|Any CPU.Build.0 = Debug|Any CPU
		{B66C5FE8-406C-990E-0C46-3939A17547BC}.Release|Any CPU.ActiveCfg = Release|Any CPU
		{B66C5FE8-406C-990E-0C46-3939A17547BC}.Release|Any CPU.Build.0 = Release|Any CPU
		{22F7854F-68C9-5CB9-A28B-405EBF755065}.Debug|Any CPU.ActiveCfg = Debug|Any CPU
		{22F7854F-68C9-5CB9-A28B-405EBF755065}.Debug|Any CPU.Build.0 = Debug|Any CPU
		{22F7854F-68C9-5CB9-A28B-405EBF755065}.Release|Any CPU.ActiveCfg = Release|Any CPU
		{22F7854F-68C9-5CB9-A28B-405EBF755065}.Release|Any CPU.Build.0 = Release|Any CPU
		{029C2FC6-1695-4FD3-AE8B-D157A87124DC}.Debug|Any CPU.ActiveCfg = Debug|Any CPU
		{029C2FC6-1695-4FD3-AE8B-D157A87124DC}.Debug|Any CPU.Build.0 = Debug|Any CPU
		{029C2FC6-1695-4FD3-AE8B-D157A87124DC}.Release|Any CPU.ActiveCfg = Release|Any CPU
		{029C2FC6-1695-4FD3-AE8B-D157A87124DC}.Release|Any CPU.Build.0 = Release|Any CPU
	EndGlobalSection
	GlobalSection(SolutionProperties) = preSolution
		HideSolutionNode = FALSE
	EndGlobalSection
EndGlobal
